
Microsoft Visual Studio Solution File, Format Version 12.00
# Visual Studio Version 17
VisualStudioVersion = 17.4.33205.214
MinimumVisualStudioVersion = 10.0.40219.1
Project("{9A19103F-16F7-4668-BE54-9A1E7A4F7556}") = "coeffbot", "coeffbot\coeffbot.csproj", "{3A28E89B-B13D-45FE-8639-D4C1B4BE8BD0}"
EndProject
Global
	GlobalSection(SolutionConfigurationPlatforms) = preSolution
		Debug_tg_serv|Any CPU = Debug_tg_serv|Any CPU
		Debug|Any CPU = Debug|Any CPU
		Release|Any CPU = Release|Any CPU
	EndGlobalSection
	GlobalSection(ProjectConfigurationPlatforms) = postSolution
		{3A28E89B-B13D-45FE-8639-D4C1B4BE8BD0}.Debug_tg_serv|Any CPU.ActiveCfg = Debug_tg_serv|Any CPU
		{3A28E89B-B13D-45FE-8639-D4C1B4BE8BD0}.Debug_tg_serv|Any CPU.Build.0 = Debug_tg_serv|Any CPU
		{3A28E89B-B13D-45FE-8639-D4C1B4BE8BD0}.Debug|Any CPU.ActiveCfg = Debug|Any CPU
		{3A28E89B-B13D-45FE-8639-D4C1B4BE8BD0}.Debug|Any CPU.Build.0 = Debug|Any CPU
		{3A28E89B-B13D-45FE-8639-D4C1B4BE8BD0}.Release|Any CPU.ActiveCfg = Release|Any CPU
		{3A28E89B-B13D-45FE-8639-D4C1B4BE8BD0}.Release|Any CPU.Build.0 = Release|Any CPU
	EndGlobalSection
	GlobalSection(SolutionProperties) = preSolution
		HideSolutionNode = FALSE
	EndGlobalSection
	GlobalSection(ExtensibilityGlobals) = postSolution
		SolutionGuid = {583D2DFA-54F7-4E09-A4AD-1518BC81EDAF}
	EndGlobalSection
EndGlobal
